
Microsoft Visual Studio Solution File, Format Version 12.00
# Visual Studio 15
VisualStudioVersion = 15.0.28307.1321
MinimumVisualStudioVersion = 10.0.40219.1
Project("{9A19103F-16F7-4668-BE54-9A1E7A4F7556}") = "eVenda.Venda", "eVenda.Venda\eVenda.Venda.csproj", "{207E1DC0-6439-4900-BA6D-6FBF58DBB386}"
EndProject
Project("{9A19103F-16F7-4668-BE54-9A1E7A4F7556}") = "eVenda.Venda.DomainModel", "eVenda.Venda.DomainModel\eVenda.Venda.DomainModel.csproj", "{8D35DFF1-504D-4A9E-8A67-785944F28D26}"
EndProject
Project("{9A19103F-16F7-4668-BE54-9A1E7A4F7556}") = "eVenda.Venda.Service", "eVenda.Venda.Service\eVenda.Venda.Service.csproj", "{43E72DE5-3A52-43C2-8A34-75B645DBE649}"
EndProject
Project("{9A19103F-16F7-4668-BE54-9A1E7A4F7556}") = "eVenda.Venda.Repository", "eVenda.Venda.Repository\eVenda.Venda.Repository.csproj", "{35541CA9-4F1B-4224-8E7D-7DA747849B5C}"
EndProject
Global
	GlobalSection(SolutionConfigurationPlatforms) = preSolution
		Debug|Any CPU = Debug|Any CPU
		Release|Any CPU = Release|Any CPU
	EndGlobalSection
	GlobalSection(ProjectConfigurationPlatforms) = postSolution
		{207E1DC0-6439-4900-BA6D-6FBF58DBB386}.Debug|Any CPU.ActiveCfg = Debug|Any CPU
		{207E1DC0-6439-4900-BA6D-6FBF58DBB386}.Debug|Any CPU.Build.0 = Debug|Any CPU
		{207E1DC0-6439-4900-BA6D-6FBF58DBB386}.Release|Any CPU.ActiveCfg = Release|Any CPU
		{207E1DC0-6439-4900-BA6D-6FBF58DBB386}.Release|Any CPU.Build.0 = Release|Any CPU
		{8D35DFF1-504D-4A9E-8A67-785944F28D26}.Debug|Any CPU.ActiveCfg = Debug|Any CPU
		{8D35DFF1-504D-4A9E-8A67-785944F28D26}.Debug|Any CPU.Build.0 = Debug|Any CPU
		{8D35DFF1-504D-4A9E-8A67-785944F28D26}.Release|Any CPU.ActiveCfg = Release|Any CPU
		{8D35DFF1-504D-4A9E-8A67-785944F28D26}.Release|Any CPU.Build.0 = Release|Any CPU
		{43E72DE5-3A52-43C2-8A34-75B645DBE649}.Debug|Any CPU.ActiveCfg = Debug|Any CPU
		{43E72DE5-3A52-43C2-8A34-75B645DBE649}.Debug|Any CPU.Build.0 = Debug|Any CPU
		{43E72DE5-3A52-43C2-8A34-75B645DBE649}.Release|Any CPU.ActiveCfg = Release|Any CPU
		{43E72DE5-3A52-43C2-8A34-75B645DBE649}.Release|Any CPU.Build.0 = Release|Any CPU
		{35541CA9-4F1B-4224-8E7D-7DA747849B5C}.Debug|Any CPU.ActiveCfg = Debug|Any CPU
		{35541CA9-4F1B-4224-8E7D-7DA747849B5C}.Debug|Any CPU.Build.0 = Debug|Any CPU
		{35541CA9-4F1B-4224-8E7D-7DA747849B5C}.Release|Any CPU.ActiveCfg = Release|Any CPU
		{35541CA9-4F1B-4224-8E7D-7DA747849B5C}.Release|Any CPU.Build.0 = Release|Any CPU
	EndGlobalSection
	GlobalSection(SolutionProperties) = preSolution
		HideSolutionNode = FALSE
	EndGlobalSection
	GlobalSection(ExtensibilityGlobals) = postSolution
		SolutionGuid = {442D3F74-668B-4202-B0D4-E02031FFC2DE}
	EndGlobalSection
EndGlobal
