
Microsoft Visual Studio Solution File, Format Version 12.00
# Visual Studio 15
VisualStudioVersion = 15.0.28307.1300
MinimumVisualStudioVersion = 10.0.40219.1
Project("{FAE04EC0-301F-11D3-BF4B-00C04F79EFBC}") = "eVenda.Estoque", "eVenda.Estoque\eVenda.Estoque.csproj", "{6442FCA0-CE1F-4DEC-968A-85DD05DF969A}"
EndProject
Project("{FAE04EC0-301F-11D3-BF4B-00C04F79EFBC}") = "eVenda.Venda", "eVenda.Venda\eVenda.Venda.csproj", "{21993AFE-55CA-4C7A-B104-13FA3542A291}"
EndProject
Global
	GlobalSection(SolutionConfigurationPlatforms) = preSolution
		Debug|Any CPU = Debug|Any CPU
		Release|Any CPU = Release|Any CPU
	EndGlobalSection
	GlobalSection(ProjectConfigurationPlatforms) = postSolution
		{6442FCA0-CE1F-4DEC-968A-85DD05DF969A}.Debug|Any CPU.ActiveCfg = Debug|Any CPU
		{6442FCA0-CE1F-4DEC-968A-85DD05DF969A}.Debug|Any CPU.Build.0 = Debug|Any CPU
		{6442FCA0-CE1F-4DEC-968A-85DD05DF969A}.Release|Any CPU.ActiveCfg = Release|Any CPU
		{6442FCA0-CE1F-4DEC-968A-85DD05DF969A}.Release|Any CPU.Build.0 = Release|Any CPU
		{21993AFE-55CA-4C7A-B104-13FA3542A291}.Debug|Any CPU.ActiveCfg = Debug|Any CPU
		{21993AFE-55CA-4C7A-B104-13FA3542A291}.Debug|Any CPU.Build.0 = Debug|Any CPU
		{21993AFE-55CA-4C7A-B104-13FA3542A291}.Release|Any CPU.ActiveCfg = Release|Any CPU
		{21993AFE-55CA-4C7A-B104-13FA3542A291}.Release|Any CPU.Build.0 = Release|Any CPU
	EndGlobalSection
	GlobalSection(SolutionProperties) = preSolution
		HideSolutionNode = FALSE
	EndGlobalSection
	GlobalSection(ExtensibilityGlobals) = postSolution
		SolutionGuid = {A0C7D116-C2D9-43E8-A367-835A47EC4848}
	EndGlobalSection
EndGlobal
